// !$*UTF8*$!
{
	archiveVersion = 1;
	classes = {
	};
	objectVersion = 56;
	objects = {

/* Begin PBXBuildFile section */
		B5E838F12AE2B16000106E45 /* Fil_DistributorApp.swift in Sources */ = {isa = PBXBuildFile; fileRef = B5E838F02AE2B16000106E45 /* Fil_DistributorApp.swift */; };
		B5E838F32AE2B16000106E45 /* ContentView.swift in Sources */ = {isa = PBXBuildFile; fileRef = B5E838F22AE2B16000106E45 /* ContentView.swift */; };
		B5E838F52AE2B16100106E45 /* Assets.xcassets in Resources */ = {isa = PBXBuildFile; fileRef = B5E838F42AE2B16100106E45 /* Assets.xcassets */; };
		B5E838F82AE2B16100106E45 /* Preview Assets.xcassets in Resources */ = {isa = PBXBuildFile; fileRef = B5E838F72AE2B16100106E45 /* Preview Assets.xcassets */; };
		B5E839022AE2C40900106E45 /* ExcelHandlerView.swift in Sources */ = {isa = PBXBuildFile; fileRef = B5E839012AE2C40900106E45 /* ExcelHandlerView.swift */; };
		B5E839042AE2C42900106E45 /* ExcelHandler.swift in Sources */ = {isa = PBXBuildFile; fileRef = B5E839032AE2C42900106E45 /* ExcelHandler.swift */; };
		B5E839072AE2C58F00106E45 /* CoreXLSX in Frameworks */ = {isa = PBXBuildFile; productRef = B5E839062AE2C58F00106E45 /* CoreXLSX */; };
		B5E839092AE2C5B400106E45 /* Receiver.swift in Sources */ = {isa = PBXBuildFile; fileRef = B5E839082AE2C5B400106E45 /* Receiver.swift */; };
		B5E8390B2AE2C64800106E45 /* Account.swift in Sources */ = {isa = PBXBuildFile; fileRef = B5E8390A2AE2C64800106E45 /* Account.swift */; };
		B5E8390D2AE2C67D00106E45 /* ReceiverListView.swift in Sources */ = {isa = PBXBuildFile; fileRef = B5E8390C2AE2C67D00106E45 /* ReceiverListView.swift */; };
		B5E8390F2AE2C6E000106E45 /* DistributorView.swift in Sources */ = {isa = PBXBuildFile; fileRef = B5E8390E2AE2C6E000106E45 /* DistributorView.swift */; };
		B5E839112AE2C70700106E45 /* Distributor.swift in Sources */ = {isa = PBXBuildFile; fileRef = B5E839102AE2C70700106E45 /* Distributor.swift */; };
		B5E839132AE2C7A100106E45 /* BalanceView.swift in Sources */ = {isa = PBXBuildFile; fileRef = B5E839122AE2C7A100106E45 /* BalanceView.swift */; };
		B5E8391F2AE2D19B00106E45 /* libsecp256k1.a in Frameworks */ = {isa = PBXBuildFile; fileRef = B5E8391D2AE2D19B00106E45 /* libsecp256k1.a */; };
		B5E839222AE2D2D800106E45 /* Base32.swift in Sources */ = {isa = PBXBuildFile; fileRef = B5E839212AE2D2D800106E45 /* Base32.swift */; };
		B5E839252AE2D37B00106E45 /* Blake2 in Frameworks */ = {isa = PBXBuildFile; productRef = B5E839242AE2D37B00106E45 /* Blake2 */; };
/* End PBXBuildFile section */

/* Begin PBXFileReference section */
		B5E838ED2AE2B16000106E45 /* Fil-Distributor.app */ = {isa = PBXFileReference; explicitFileType = wrapper.application; includeInIndex = 0; path = "Fil-Distributor.app"; sourceTree = BUILT_PRODUCTS_DIR; };
		B5E838F02AE2B16000106E45 /* Fil_DistributorApp.swift */ = {isa = PBXFileReference; lastKnownFileType = sourcecode.swift; path = Fil_DistributorApp.swift; sourceTree = "<group>"; };
		B5E838F22AE2B16000106E45 /* ContentView.swift */ = {isa = PBXFileReference; lastKnownFileType = sourcecode.swift; path = ContentView.swift; sourceTree = "<group>"; };
		B5E838F42AE2B16100106E45 /* Assets.xcassets */ = {isa = PBXFileReference; lastKnownFileType = folder.assetcatalog; path = Assets.xcassets; sourceTree = "<group>"; };
		B5E838F72AE2B16100106E45 /* Preview Assets.xcassets */ = {isa = PBXFileReference; lastKnownFileType = folder.assetcatalog; path = "Preview Assets.xcassets"; sourceTree = "<group>"; };
		B5E838FE2AE2B19C00106E45 /* README.md */ = {isa = PBXFileReference; lastKnownFileType = net.daringfireball.markdown; path = README.md; sourceTree = "<group>"; };
		B5E839012AE2C40900106E45 /* ExcelHandlerView.swift */ = {isa = PBXFileReference; lastKnownFileType = sourcecode.swift; path = ExcelHandlerView.swift; sourceTree = "<group>"; };
		B5E839032AE2C42900106E45 /* ExcelHandler.swift */ = {isa = PBXFileReference; lastKnownFileType = sourcecode.swift; path = ExcelHandler.swift; sourceTree = "<group>"; };
		B5E839082AE2C5B400106E45 /* Receiver.swift */ = {isa = PBXFileReference; lastKnownFileType = sourcecode.swift; path = Receiver.swift; sourceTree = "<group>"; };
		B5E8390A2AE2C64800106E45 /* Account.swift */ = {isa = PBXFileReference; lastKnownFileType = sourcecode.swift; path = Account.swift; sourceTree = "<group>"; };
		B5E8390C2AE2C67D00106E45 /* ReceiverListView.swift */ = {isa = PBXFileReference; lastKnownFileType = sourcecode.swift; path = ReceiverListView.swift; sourceTree = "<group>"; };
		B5E8390E2AE2C6E000106E45 /* DistributorView.swift */ = {isa = PBXFileReference; lastKnownFileType = sourcecode.swift; path = DistributorView.swift; sourceTree = "<group>"; };
		B5E839102AE2C70700106E45 /* Distributor.swift */ = {isa = PBXFileReference; lastKnownFileType = sourcecode.swift; path = Distributor.swift; sourceTree = "<group>"; };
		B5E839122AE2C7A100106E45 /* BalanceView.swift */ = {isa = PBXFileReference; lastKnownFileType = sourcecode.swift; path = BalanceView.swift; sourceTree = "<group>"; };
		B5E839152AE2CD5600106E45 /* Filecoin.md */ = {isa = PBXFileReference; lastKnownFileType = net.daringfireball.markdown; path = Filecoin.md; sourceTree = "<group>"; };
		B5E839192AE2D19B00106E45 /* secp256k1_ecdh.h */ = {isa = PBXFileReference; fileEncoding = 4; lastKnownFileType = sourcecode.c.h; path = secp256k1_ecdh.h; sourceTree = "<group>"; };
		B5E8391A2AE2D19B00106E45 /* secp256k1_recovery.h */ = {isa = PBXFileReference; fileEncoding = 4; lastKnownFileType = sourcecode.c.h; path = secp256k1_recovery.h; sourceTree = "<group>"; };
		B5E8391B2AE2D19B00106E45 /* secp256k1.h */ = {isa = PBXFileReference; fileEncoding = 4; lastKnownFileType = sourcecode.c.h; path = secp256k1.h; sourceTree = "<group>"; };
		B5E8391D2AE2D19B00106E45 /* libsecp256k1.a */ = {isa = PBXFileReference; lastKnownFileType = archive.ar; path = libsecp256k1.a; sourceTree = "<group>"; };
		B5E8391E2AE2D19B00106E45 /* module.modulemap */ = {isa = PBXFileReference; fileEncoding = 4; lastKnownFileType = "sourcecode.module-map"; path = module.modulemap; sourceTree = "<group>"; };
		B5E839212AE2D2D800106E45 /* Base32.swift */ = {isa = PBXFileReference; lastKnownFileType = sourcecode.swift; path = Base32.swift; sourceTree = "<group>"; };
/* End PBXFileReference section */

/* Begin PBXFrameworksBuildPhase section */
		B5E838EA2AE2B16000106E45 /* Frameworks */ = {
			isa = PBXFrameworksBuildPhase;
			buildActionMask = 2147483647;
			files = (
				B5E8391F2AE2D19B00106E45 /* libsecp256k1.a in Frameworks */,
				B5E839072AE2C58F00106E45 /* CoreXLSX in Frameworks */,
				B5E839252AE2D37B00106E45 /* Blake2 in Frameworks */,
			);
			runOnlyForDeploymentPostprocessing = 0;
		};
/* End PBXFrameworksBuildPhase section */

/* Begin PBXGroup section */
		B5E838E42AE2B16000106E45 = {
			isa = PBXGroup;
			children = (
				B5E839162AE2D17000106E45 /* Libraries */,
				B5E839142AE2CCE800106E45 /* Docs */,
				B5E838FE2AE2B19C00106E45 /* README.md */,
				B5E838EF2AE2B16000106E45 /* Fil-Distributor */,
				B5E838EE2AE2B16000106E45 /* Products */,
			);
			sourceTree = "<group>";
		};
		B5E838EE2AE2B16000106E45 /* Products */ = {
			isa = PBXGroup;
			children = (
				B5E838ED2AE2B16000106E45 /* Fil-Distributor.app */,
			);
			name = Products;
			sourceTree = "<group>";
		};
		B5E838EF2AE2B16000106E45 /* Fil-Distributor */ = {
			isa = PBXGroup;
			children = (
				B5E839002AE2B82900106E45 /* Models */,
				B5E838FF2AE2B82000106E45 /* Views */,
				B5E838F02AE2B16000106E45 /* Fil_DistributorApp.swift */,
				B5E838F22AE2B16000106E45 /* ContentView.swift */,
				B5E838F42AE2B16100106E45 /* Assets.xcassets */,
				B5E838F62AE2B16100106E45 /* Preview Content */,
			);
			path = "Fil-Distributor";
			sourceTree = "<group>";
		};
		B5E838F62AE2B16100106E45 /* Preview Content */ = {
			isa = PBXGroup;
			children = (
				B5E838F72AE2B16100106E45 /* Preview Assets.xcassets */,
			);
			path = "Preview Content";
			sourceTree = "<group>";
		};
		B5E838FF2AE2B82000106E45 /* Views */ = {
			isa = PBXGroup;
			children = (
				B5E839012AE2C40900106E45 /* ExcelHandlerView.swift */,
				B5E8390C2AE2C67D00106E45 /* ReceiverListView.swift */,
				B5E8390E2AE2C6E000106E45 /* DistributorView.swift */,
				B5E839122AE2C7A100106E45 /* BalanceView.swift */,
			);
			path = Views;
			sourceTree = "<group>";
		};
		B5E839002AE2B82900106E45 /* Models */ = {
			isa = PBXGroup;
			children = (
				B5E839032AE2C42900106E45 /* ExcelHandler.swift */,
				B5E839082AE2C5B400106E45 /* Receiver.swift */,
				B5E8390A2AE2C64800106E45 /* Account.swift */,
				B5E839102AE2C70700106E45 /* Distributor.swift */,
			);
			path = Models;
			sourceTree = "<group>";
		};
		B5E839142AE2CCE800106E45 /* Docs */ = {
			isa = PBXGroup;
			children = (
				B5E839152AE2CD5600106E45 /* Filecoin.md */,
			);
			path = Docs;
			sourceTree = "<group>";
		};
		B5E839162AE2D17000106E45 /* Libraries */ = {
			isa = PBXGroup;
			children = (
				B5E839202AE2D2C800106E45 /* base32 */,
				B5E839172AE2D19B00106E45 /* secp256k1 */,
			);
			path = Libraries;
			sourceTree = "<group>";
		};
		B5E839172AE2D19B00106E45 /* secp256k1 */ = {
			isa = PBXGroup;
			children = (
				B5E839182AE2D19B00106E45 /* include */,
				B5E8391C2AE2D19B00106E45 /* lib */,
				B5E8391E2AE2D19B00106E45 /* module.modulemap */,
			);
			path = secp256k1;
			sourceTree = "<group>";
		};
		B5E839182AE2D19B00106E45 /* include */ = {
			isa = PBXGroup;
			children = (
				B5E839192AE2D19B00106E45 /* secp256k1_ecdh.h */,
				B5E8391A2AE2D19B00106E45 /* secp256k1_recovery.h */,
				B5E8391B2AE2D19B00106E45 /* secp256k1.h */,
			);
			path = include;
			sourceTree = "<group>";
		};
		B5E8391C2AE2D19B00106E45 /* lib */ = {
			isa = PBXGroup;
			children = (
				B5E8391D2AE2D19B00106E45 /* libsecp256k1.a */,
			);
			path = lib;
			sourceTree = "<group>";
		};
		B5E839202AE2D2C800106E45 /* base32 */ = {
			isa = PBXGroup;
			children = (
				B5E839212AE2D2D800106E45 /* Base32.swift */,
			);
			path = base32;
			sourceTree = "<group>";
		};
/* End PBXGroup section */

/* Begin PBXNativeTarget section */
		B5E838EC2AE2B16000106E45 /* Fil-Distributor */ = {
			isa = PBXNativeTarget;
			buildConfigurationList = B5E838FB2AE2B16100106E45 /* Build configuration list for PBXNativeTarget "Fil-Distributor" */;
			buildPhases = (
				B5E838E92AE2B16000106E45 /* Sources */,
				B5E838EA2AE2B16000106E45 /* Frameworks */,
				B5E838EB2AE2B16000106E45 /* Resources */,
			);
			buildRules = (
			);
			dependencies = (
			);
			name = "Fil-Distributor";
			packageProductDependencies = (
				B5E839062AE2C58F00106E45 /* CoreXLSX */,
				B5E839242AE2D37B00106E45 /* Blake2 */,
			);
			productName = "Fil-Distributor";
			productReference = B5E838ED2AE2B16000106E45 /* Fil-Distributor.app */;
			productType = "com.apple.product-type.application";
		};
/* End PBXNativeTarget section */

/* Begin PBXProject section */
		B5E838E52AE2B16000106E45 /* Project object */ = {
			isa = PBXProject;
			attributes = {
				BuildIndependentTargetsInParallel = 1;
				LastSwiftUpdateCheck = 1500;
				LastUpgradeCheck = 1500;
				TargetAttributes = {
					B5E838EC2AE2B16000106E45 = {
						CreatedOnToolsVersion = 15.0.1;
					};
				};
			};
			buildConfigurationList = B5E838E82AE2B16000106E45 /* Build configuration list for PBXProject "Fil Distributor" */;
			compatibilityVersion = "Xcode 14.0";
			developmentRegion = en;
			hasScannedForEncodings = 0;
			knownRegions = (
				en,
				Base,
			);
			mainGroup = B5E838E42AE2B16000106E45;
			packageReferences = (
				B5E839052AE2C4D200106E45 /* XCRemoteSwiftPackageReference "CoreXLSX" */,
				B5E839232AE2D37B00106E45 /* XCRemoteSwiftPackageReference "Blake2.swift" */,
			);
			productRefGroup = B5E838EE2AE2B16000106E45 /* Products */;
			projectDirPath = "";
			projectRoot = "";
			targets = (
				B5E838EC2AE2B16000106E45 /* Fil-Distributor */,
			);
		};
/* End PBXProject section */

/* Begin PBXResourcesBuildPhase section */
		B5E838EB2AE2B16000106E45 /* Resources */ = {
			isa = PBXResourcesBuildPhase;
			buildActionMask = 2147483647;
			files = (
				B5E838F82AE2B16100106E45 /* Preview Assets.xcassets in Resources */,
				B5E838F52AE2B16100106E45 /* Assets.xcassets in Resources */,
			);
			runOnlyForDeploymentPostprocessing = 0;
		};
/* End PBXResourcesBuildPhase section */

/* Begin PBXSourcesBuildPhase section */
		B5E838E92AE2B16000106E45 /* Sources */ = {
			isa = PBXSourcesBuildPhase;
			buildActionMask = 2147483647;
			files = (
				B5E839222AE2D2D800106E45 /* Base32.swift in Sources */,
				B5E839042AE2C42900106E45 /* ExcelHandler.swift in Sources */,
				B5E839132AE2C7A100106E45 /* BalanceView.swift in Sources */,
				B5E839022AE2C40900106E45 /* ExcelHandlerView.swift in Sources */,
				B5E8390D2AE2C67D00106E45 /* ReceiverListView.swift in Sources */,
				B5E839092AE2C5B400106E45 /* Receiver.swift in Sources */,
				B5E838F32AE2B16000106E45 /* ContentView.swift in Sources */,
				B5E839112AE2C70700106E45 /* Distributor.swift in Sources */,
				B5E838F12AE2B16000106E45 /* Fil_DistributorApp.swift in Sources */,
				B5E8390F2AE2C6E000106E45 /* DistributorView.swift in Sources */,
				B5E8390B2AE2C64800106E45 /* Account.swift in Sources */,
			);
			runOnlyForDeploymentPostprocessing = 0;
		};
/* End PBXSourcesBuildPhase section */

/* Begin XCBuildConfiguration section */
		B5E838F92AE2B16100106E45 /* Debug */ = {
			isa = XCBuildConfiguration;
			buildSettings = {
				ALWAYS_SEARCH_USER_PATHS = NO;
				ASSETCATALOG_COMPILER_GENERATE_SWIFT_ASSET_SYMBOL_EXTENSIONS = YES;
				CLANG_ANALYZER_NONNULL = YES;
				CLANG_ANALYZER_NUMBER_OBJECT_CONVERSION = YES_AGGRESSIVE;
				CLANG_CXX_LANGUAGE_STANDARD = "gnu++20";
				CLANG_ENABLE_MODULES = YES;
				CLANG_ENABLE_OBJC_ARC = YES;
				CLANG_ENABLE_OBJC_WEAK = YES;
				CLANG_WARN_BLOCK_CAPTURE_AUTORELEASING = YES;
				CLANG_WARN_BOOL_CONVERSION = YES;
				CLANG_WARN_COMMA = YES;
				CLANG_WARN_CONSTANT_CONVERSION = YES;
				CLANG_WARN_DEPRECATED_OBJC_IMPLEMENTATIONS = YES;
				CLANG_WARN_DIRECT_OBJC_ISA_USAGE = YES_ERROR;
				CLANG_WARN_DOCUMENTATION_COMMENTS = YES;
				CLANG_WARN_EMPTY_BODY = YES;
				CLANG_WARN_ENUM_CONVERSION = YES;
				CLANG_WARN_INFINITE_RECURSION = YES;
				CLANG_WARN_INT_CONVERSION = YES;
				CLANG_WARN_NON_LITERAL_NULL_CONVERSION = YES;
				CLANG_WARN_OBJC_IMPLICIT_RETAIN_SELF = YES;
				CLANG_WARN_OBJC_LITERAL_CONVERSION = YES;
				CLANG_WARN_OBJC_ROOT_CLASS = YES_ERROR;
				CLANG_WARN_QUOTED_INCLUDE_IN_FRAMEWORK_HEADER = YES;
				CLANG_WARN_RANGE_LOOP_ANALYSIS = YES;
				CLANG_WARN_STRICT_PROTOTYPES = YES;
				CLANG_WARN_SUSPICIOUS_MOVE = YES;
				CLANG_WARN_UNGUARDED_AVAILABILITY = YES_AGGRESSIVE;
				CLANG_WARN_UNREACHABLE_CODE = YES;
				CLANG_WARN__DUPLICATE_METHOD_MATCH = YES;
				COPY_PHASE_STRIP = NO;
				DEBUG_INFORMATION_FORMAT = dwarf;
				ENABLE_STRICT_OBJC_MSGSEND = YES;
				ENABLE_TESTABILITY = YES;
				ENABLE_USER_SCRIPT_SANDBOXING = YES;
				GCC_C_LANGUAGE_STANDARD = gnu17;
				GCC_DYNAMIC_NO_PIC = NO;
				GCC_NO_COMMON_BLOCKS = YES;
				GCC_OPTIMIZATION_LEVEL = 0;
				GCC_PREPROCESSOR_DEFINITIONS = (
					"DEBUG=1",
					"$(inherited)",
				);
				GCC_WARN_64_TO_32_BIT_CONVERSION = YES;
				GCC_WARN_ABOUT_RETURN_TYPE = YES_ERROR;
				GCC_WARN_UNDECLARED_SELECTOR = YES;
				GCC_WARN_UNINITIALIZED_AUTOS = YES_AGGRESSIVE;
				GCC_WARN_UNUSED_FUNCTION = YES;
				GCC_WARN_UNUSED_VARIABLE = YES;
				IPHONEOS_DEPLOYMENT_TARGET = 17.0;
				LOCALIZATION_PREFERS_STRING_CATALOGS = YES;
				MTL_ENABLE_DEBUG_INFO = INCLUDE_SOURCE;
				MTL_FAST_MATH = YES;
				ONLY_ACTIVE_ARCH = YES;
				SDKROOT = iphoneos;
				SWIFT_ACTIVE_COMPILATION_CONDITIONS = "DEBUG $(inherited)";
				SWIFT_OPTIMIZATION_LEVEL = "-Onone";
			};
			name = Debug;
		};
		B5E838FA2AE2B16100106E45 /* Release */ = {
			isa = XCBuildConfiguration;
			buildSettings = {
				ALWAYS_SEARCH_USER_PATHS = NO;
				ASSETCATALOG_COMPILER_GENERATE_SWIFT_ASSET_SYMBOL_EXTENSIONS = YES;
				CLANG_ANALYZER_NONNULL = YES;
				CLANG_ANALYZER_NUMBER_OBJECT_CONVERSION = YES_AGGRESSIVE;
				CLANG_CXX_LANGUAGE_STANDARD = "gnu++20";
				CLANG_ENABLE_MODULES = YES;
				CLANG_ENABLE_OBJC_ARC = YES;
				CLANG_ENABLE_OBJC_WEAK = YES;
				CLANG_WARN_BLOCK_CAPTURE_AUTORELEASING = YES;
				CLANG_WARN_BOOL_CONVERSION = YES;
				CLANG_WARN_COMMA = YES;
				CLANG_WARN_CONSTANT_CONVERSION = YES;
				CLANG_WARN_DEPRECATED_OBJC_IMPLEMENTATIONS = YES;
				CLANG_WARN_DIRECT_OBJC_ISA_USAGE = YES_ERROR;
				CLANG_WARN_DOCUMENTATION_COMMENTS = YES;
				CLANG_WARN_EMPTY_BODY = YES;
				CLANG_WARN_ENUM_CONVERSION = YES;
				CLANG_WARN_INFINITE_RECURSION = YES;
				CLANG_WARN_INT_CONVERSION = YES;
				CLANG_WARN_NON_LITERAL_NULL_CONVERSION = YES;
				CLANG_WARN_OBJC_IMPLICIT_RETAIN_SELF = YES;
				CLANG_WARN_OBJC_LITERAL_CONVERSION = YES;
				CLANG_WARN_OBJC_ROOT_CLASS = YES_ERROR;
				CLANG_WARN_QUOTED_INCLUDE_IN_FRAMEWORK_HEADER = YES;
				CLANG_WARN_RANGE_LOOP_ANALYSIS = YES;
				CLANG_WARN_STRICT_PROTOTYPES = YES;
				CLANG_WARN_SUSPICIOUS_MOVE = YES;
				CLANG_WARN_UNGUARDED_AVAILABILITY = YES_AGGRESSIVE;
				CLANG_WARN_UNREACHABLE_CODE = YES;
				CLANG_WARN__DUPLICATE_METHOD_MATCH = YES;
				COPY_PHASE_STRIP = NO;
				DEBUG_INFORMATION_FORMAT = "dwarf-with-dsym";
				ENABLE_NS_ASSERTIONS = NO;
				ENABLE_STRICT_OBJC_MSGSEND = YES;
				ENABLE_USER_SCRIPT_SANDBOXING = YES;
				GCC_C_LANGUAGE_STANDARD = gnu17;
				GCC_NO_COMMON_BLOCKS = YES;
				GCC_WARN_64_TO_32_BIT_CONVERSION = YES;
				GCC_WARN_ABOUT_RETURN_TYPE = YES_ERROR;
				GCC_WARN_UNDECLARED_SELECTOR = YES;
				GCC_WARN_UNINITIALIZED_AUTOS = YES_AGGRESSIVE;
				GCC_WARN_UNUSED_FUNCTION = YES;
				GCC_WARN_UNUSED_VARIABLE = YES;
				IPHONEOS_DEPLOYMENT_TARGET = 17.0;
				LOCALIZATION_PREFERS_STRING_CATALOGS = YES;
				MTL_ENABLE_DEBUG_INFO = NO;
				MTL_FAST_MATH = YES;
				SDKROOT = iphoneos;
				SWIFT_COMPILATION_MODE = wholemodule;
				VALIDATE_PRODUCT = YES;
			};
			name = Release;
		};
		B5E838FC2AE2B16100106E45 /* Debug */ = {
			isa = XCBuildConfiguration;
			buildSettings = {
				ASSETCATALOG_COMPILER_APPICON_NAME = AppIcon;
				ASSETCATALOG_COMPILER_GLOBAL_ACCENT_COLOR_NAME = AccentColor;
				CODE_SIGN_STYLE = Automatic;
				CURRENT_PROJECT_VERSION = 1;
				DEVELOPMENT_ASSET_PATHS = "\"Fil-Distributor/Preview Content\"";
				DEVELOPMENT_TEAM = ZQ6U29BTU5;
				ENABLE_PREVIEWS = YES;
				EXCLUDED_ARCHS = "";
				"EXCLUDED_ARCHS[sdk=iphonesimulator*]" = arm64;
				GENERATE_INFOPLIST_FILE = YES;
				HEADER_SEARCH_PATHS = "$(PROJECT_DIR)/Libraries/secp256k1/include";
				INFOPLIST_KEY_CFBundleDisplayName = "Fil Distributor";
				INFOPLIST_KEY_UIApplicationSceneManifest_Generation = YES;
				INFOPLIST_KEY_UIApplicationSupportsIndirectInputEvents = YES;
				INFOPLIST_KEY_UILaunchScreen_Generation = YES;
				INFOPLIST_KEY_UISupportedInterfaceOrientations_iPad = "UIInterfaceOrientationPortrait UIInterfaceOrientationPortraitUpsideDown UIInterfaceOrientationLandscapeLeft UIInterfaceOrientationLandscapeRight";
				INFOPLIST_KEY_UISupportedInterfaceOrientations_iPhone = "UIInterfaceOrientationPortrait UIInterfaceOrientationLandscapeLeft UIInterfaceOrientationLandscapeRight";
				IPHONEOS_DEPLOYMENT_TARGET = 16.4;
				LD_RUNPATH_SEARCH_PATHS = (
					"$(inherited)",
					"@executable_path/Frameworks",
				);
				LIBRARY_SEARCH_PATHS = "$(PROJECT_DIR)/Libraries/secp256k1/lib";
				MARKETING_VERSION = 1.0;
				PRODUCT_BUNDLE_IDENTIFIER = "net.diancun.Fil-Distributor";
				PRODUCT_NAME = "$(TARGET_NAME)";
				SUPPORTED_PLATFORMS = "iphoneos iphonesimulator";
				SUPPORTS_MACCATALYST = NO;
				SUPPORTS_MAC_DESIGNED_FOR_IPHONE_IPAD = NO;
				SWIFT_EMIT_LOC_STRINGS = YES;
				SWIFT_INCLUDE_PATHS = "$(PROJECT_DIR)/Libraries/secp256k1";
				SWIFT_VERSION = 5.0;
				TARGETED_DEVICE_FAMILY = 1;
			};
			name = Debug;
		};
		B5E838FD2AE2B16100106E45 /* Release */ = {
			isa = XCBuildConfiguration;
			buildSettings = {
				ASSETCATALOG_COMPILER_APPICON_NAME = AppIcon;
				ASSETCATALOG_COMPILER_GLOBAL_ACCENT_COLOR_NAME = AccentColor;
				CODE_SIGN_STYLE = Automatic;
				CURRENT_PROJECT_VERSION = 1;
				DEVELOPMENT_ASSET_PATHS = "\"Fil-Distributor/Preview Content\"";
				DEVELOPMENT_TEAM = ZQ6U29BTU5;
				ENABLE_PREVIEWS = YES;
				EXCLUDED_ARCHS = "";
				GENERATE_INFOPLIST_FILE = YES;
				HEADER_SEARCH_PATHS = "$(PROJECT_DIR)/Libraries/secp256k1/include";
				INFOPLIST_KEY_CFBundleDisplayName = "Fil Distributor";
				INFOPLIST_KEY_UIApplicationSceneManifest_Generation = YES;
				INFOPLIST_KEY_UIApplicationSupportsIndirectInputEvents = YES;
				INFOPLIST_KEY_UILaunchScreen_Generation = YES;
				INFOPLIST_KEY_UISupportedInterfaceOrientations_iPad = "UIInterfaceOrientationPortrait UIInterfaceOrientationPortraitUpsideDown UIInterfaceOrientationLandscapeLeft UIInterfaceOrientationLandscapeRight";
				INFOPLIST_KEY_UISupportedInterfaceOrientations_iPhone = "UIInterfaceOrientationPortrait UIInterfaceOrientationLandscapeLeft UIInterfaceOrientationLandscapeRight";
				IPHONEOS_DEPLOYMENT_TARGET = 16.4;
				LD_RUNPATH_SEARCH_PATHS = (
					"$(inherited)",
					"@executable_path/Frameworks",
				);
				LIBRARY_SEARCH_PATHS = "$(PROJECT_DIR)/Libraries/secp256k1/lib";
				MARKETING_VERSION = 1.0;
				PRODUCT_BUNDLE_IDENTIFIER = "net.diancun.Fil-Distributor";
				PRODUCT_NAME = "$(TARGET_NAME)";
				SUPPORTED_PLATFORMS = "iphoneos iphonesimulator";
				SUPPORTS_MACCATALYST = NO;
				SUPPORTS_MAC_DESIGNED_FOR_IPHONE_IPAD = NO;
				SWIFT_EMIT_LOC_STRINGS = YES;
				SWIFT_INCLUDE_PATHS = "$(PROJECT_DIR)/Libraries/secp256k1";
				SWIFT_VERSION = 5.0;
				TARGETED_DEVICE_FAMILY = 1;
			};
			name = Release;
		};
/* End XCBuildConfiguration section */

/* Begin XCConfigurationList section */
		B5E838E82AE2B16000106E45 /* Build configuration list for PBXProject "Fil Distributor" */ = {
			isa = XCConfigurationList;
			buildConfigurations = (
				B5E838F92AE2B16100106E45 /* Debug */,
				B5E838FA2AE2B16100106E45 /* Release */,
			);
			defaultConfigurationIsVisible = 0;
			defaultConfigurationName = Release;
		};
		B5E838FB2AE2B16100106E45 /* Build configuration list for PBXNativeTarget "Fil-Distributor" */ = {
			isa = XCConfigurationList;
			buildConfigurations = (
				B5E838FC2AE2B16100106E45 /* Debug */,
				B5E838FD2AE2B16100106E45 /* Release */,
			);
			defaultConfigurationIsVisible = 0;
			defaultConfigurationName = Release;
		};
/* End XCConfigurationList section */

/* Begin XCRemoteSwiftPackageReference section */
		B5E839052AE2C4D200106E45 /* XCRemoteSwiftPackageReference "CoreXLSX" */ = {
			isa = XCRemoteSwiftPackageReference;
			repositoryURL = "https://github.com/CoreOffice/CoreXLSX";
			requirement = {
				kind = upToNextMajorVersion;
				minimumVersion = 0.14.2;
			};
		};
		B5E839232AE2D37B00106E45 /* XCRemoteSwiftPackageReference "Blake2.swift" */ = {
			isa = XCRemoteSwiftPackageReference;
			repositoryURL = "https://github.com/tesseract-one/Blake2.swift.git";
			requirement = {
				kind = upToNextMajorVersion;
				minimumVersion = 0.2.0;
			};
		};
/* End XCRemoteSwiftPackageReference section */

/* Begin XCSwiftPackageProductDependency section */
		B5E839062AE2C58F00106E45 /* CoreXLSX */ = {
			isa = XCSwiftPackageProductDependency;
			package = B5E839052AE2C4D200106E45 /* XCRemoteSwiftPackageReference "CoreXLSX" */;
			productName = CoreXLSX;
		};
		B5E839242AE2D37B00106E45 /* Blake2 */ = {
			isa = XCSwiftPackageProductDependency;
			package = B5E839232AE2D37B00106E45 /* XCRemoteSwiftPackageReference "Blake2.swift" */;
			productName = Blake2;
		};
/* End XCSwiftPackageProductDependency section */
	};
	rootObject = B5E838E52AE2B16000106E45 /* Project object */;
}
